// !$*UTF8*$!
{
	archiveVersion = 1;
	classes = {
	};
	objectVersion = 56;
	objects = {

/* Begin PBXBuildFile section */
		C3B1D3EC29986A5D002C464C /* exampleApp.swift in Sources */ = {isa = PBXBuildFile; fileRef = C3B1D3EB29986A5D002C464C /* exampleApp.swift */; };
		C3B1D3EE29986A5D002C464C /* ContentView.swift in Sources */ = {isa = PBXBuildFile; fileRef = C3B1D3ED29986A5D002C464C /* ContentView.swift */; };
		C3B1D3F029986A5E002C464C /* Assets.xcassets in Resources */ = {isa = PBXBuildFile; fileRef = C3B1D3EF29986A5E002C464C /* Assets.xcassets */; };
		C3B1D3F429986A5E002C464C /* Preview Assets.xcassets in Resources */ = {isa = PBXBuildFile; fileRef = C3B1D3F329986A5E002C464C /* Preview Assets.xcassets */; };
		C3B1D3FE29986A5E002C464C /* exampleTests.swift in Sources */ = {isa = PBXBuildFile; fileRef = C3B1D3FD29986A5E002C464C /* exampleTests.swift */; };
		C3B1D40829986A5E002C464C /* exampleUITests.swift in Sources */ = {isa = PBXBuildFile; fileRef = C3B1D40729986A5E002C464C /* exampleUITests.swift */; };
		C3B1D40A29986A5E002C464C /* exampleUITestsLaunchTests.swift in Sources */ = {isa = PBXBuildFile; fileRef = C3B1D40929986A5E002C464C /* exampleUITestsLaunchTests.swift */; };
		C3B1D41A29986AE2002C464C /* WalletChainCore in Frameworks */ = {isa = PBXBuildFile; productRef = C3B1D41929986AE2002C464C /* WalletChainCore */; };
/* End PBXBuildFile section */

/* Begin PBXContainerItemProxy section */
		C3B1D3FA29986A5E002C464C /* PBXContainerItemProxy */ = {
			isa = PBXContainerItemProxy;
			containerPortal = C3B1D3E029986A5D002C464C /* Project object */;
			proxyType = 1;
			remoteGlobalIDString = C3B1D3E729986A5D002C464C;
			remoteInfo = example;
		};
		C3B1D40429986A5E002C464C /* PBXContainerItemProxy */ = {
			isa = PBXContainerItemProxy;
			containerPortal = C3B1D3E029986A5D002C464C /* Project object */;
			proxyType = 1;
			remoteGlobalIDString = C3B1D3E729986A5D002C464C;
			remoteInfo = example;
		};
/* End PBXContainerItemProxy section */

/* Begin PBXFileReference section */
		C3B1D3E829986A5D002C464C /* example.app */ = {isa = PBXFileReference; explicitFileType = wrapper.application; includeInIndex = 0; path = example.app; sourceTree = BUILT_PRODUCTS_DIR; };
		C3B1D3EB29986A5D002C464C /* exampleApp.swift */ = {isa = PBXFileReference; lastKnownFileType = sourcecode.swift; path = exampleApp.swift; sourceTree = "<group>"; };
		C3B1D3ED29986A5D002C464C /* ContentView.swift */ = {isa = PBXFileReference; lastKnownFileType = sourcecode.swift; path = ContentView.swift; sourceTree = "<group>"; };
		C3B1D3EF29986A5E002C464C /* Assets.xcassets */ = {isa = PBXFileReference; lastKnownFileType = folder.assetcatalog; path = Assets.xcassets; sourceTree = "<group>"; };
		C3B1D3F129986A5E002C464C /* example.entitlements */ = {isa = PBXFileReference; lastKnownFileType = text.plist.entitlements; path = example.entitlements; sourceTree = "<group>"; };
		C3B1D3F329986A5E002C464C /* Preview Assets.xcassets */ = {isa = PBXFileReference; lastKnownFileType = folder.assetcatalog; path = "Preview Assets.xcassets"; sourceTree = "<group>"; };
		C3B1D3F929986A5E002C464C /* exampleTests.xctest */ = {isa = PBXFileReference; explicitFileType = wrapper.cfbundle; includeInIndex = 0; path = exampleTests.xctest; sourceTree = BUILT_PRODUCTS_DIR; };
		C3B1D3FD29986A5E002C464C /* exampleTests.swift */ = {isa = PBXFileReference; lastKnownFileType = sourcecode.swift; path = exampleTests.swift; sourceTree = "<group>"; };
		C3B1D40329986A5E002C464C /* exampleUITests.xctest */ = {isa = PBXFileReference; explicitFileType = wrapper.cfbundle; includeInIndex = 0; path = exampleUITests.xctest; sourceTree = BUILT_PRODUCTS_DIR; };
		C3B1D40729986A5E002C464C /* exampleUITests.swift */ = {isa = PBXFileReference; lastKnownFileType = sourcecode.swift; path = exampleUITests.swift; sourceTree = "<group>"; };
		C3B1D40929986A5E002C464C /* exampleUITestsLaunchTests.swift */ = {isa = PBXFileReference; lastKnownFileType = sourcecode.swift; path = exampleUITestsLaunchTests.swift; sourceTree = "<group>"; };
		C3B1D41B29986BA4002C464C /* WalletChainCore */ = {isa = PBXFileReference; lastKnownFileType = wrapper; name = WalletChainCore; path = ../../swift/WalletChainCore; sourceTree = "<group>"; };
/* End PBXFileReference section */

/* Begin PBXFrameworksBuildPhase section */
		C3B1D3E529986A5D002C464C /* Frameworks */ = {
			isa = PBXFrameworksBuildPhase;
			buildActionMask = 2147483647;
			files = (
				C3B1D41A29986AE2002C464C /* WalletChainCore in Frameworks */,
			);
			runOnlyForDeploymentPostprocessing = 0;
		};
		C3B1D3F629986A5E002C464C /* Frameworks */ = {
			isa = PBXFrameworksBuildPhase;
			buildActionMask = 2147483647;
			files = (
			);
			runOnlyForDeploymentPostprocessing = 0;
		};
		C3B1D40029986A5E002C464C /* Frameworks */ = {
			isa = PBXFrameworksBuildPhase;
			buildActionMask = 2147483647;
			files = (
			);
			runOnlyForDeploymentPostprocessing = 0;
		};
/* End PBXFrameworksBuildPhase section */

/* Begin PBXGroup section */
		C3B1D3DF29986A5D002C464C = {
			isa = PBXGroup;
			children = (
				C3B1D41629986A9D002C464C /* Packages */,
				C3B1D3EA29986A5D002C464C /* example */,
				C3B1D3FC29986A5E002C464C /* exampleTests */,
				C3B1D40629986A5E002C464C /* exampleUITests */,
				C3B1D3E929986A5D002C464C /* Products */,
				C3B1D41829986AE2002C464C /* Frameworks */,
			);
			sourceTree = "<group>";
		};
		C3B1D3E929986A5D002C464C /* Products */ = {
			isa = PBXGroup;
			children = (
				C3B1D3E829986A5D002C464C /* example.app */,
				C3B1D3F929986A5E002C464C /* exampleTests.xctest */,
				C3B1D40329986A5E002C464C /* exampleUITests.xctest */,
			);
			name = Products;
			sourceTree = "<group>";
		};
		C3B1D3EA29986A5D002C464C /* example */ = {
			isa = PBXGroup;
			children = (
				C3B1D3EB29986A5D002C464C /* exampleApp.swift */,
				C3B1D3ED29986A5D002C464C /* ContentView.swift */,
				C3B1D3EF29986A5E002C464C /* Assets.xcassets */,
				C3B1D3F129986A5E002C464C /* example.entitlements */,
				C3B1D3F229986A5E002C464C /* Preview Content */,
			);
			path = example;
			sourceTree = "<group>";
		};
		C3B1D3F229986A5E002C464C /* Preview Content */ = {
			isa = PBXGroup;
			children = (
				C3B1D3F329986A5E002C464C /* Preview Assets.xcassets */,
			);
			path = "Preview Content";
			sourceTree = "<group>";
		};
		C3B1D3FC29986A5E002C464C /* exampleTests */ = {
			isa = PBXGroup;
			children = (
				C3B1D3FD29986A5E002C464C /* exampleTests.swift */,
			);
			path = exampleTests;
			sourceTree = "<group>";
		};
		C3B1D40629986A5E002C464C /* exampleUITests */ = {
			isa = PBXGroup;
			children = (
				C3B1D40729986A5E002C464C /* exampleUITests.swift */,
				C3B1D40929986A5E002C464C /* exampleUITestsLaunchTests.swift */,
			);
			path = exampleUITests;
			sourceTree = "<group>";
		};
		C3B1D41629986A9D002C464C /* Packages */ = {
			isa = PBXGroup;
			children = (
				C3B1D41B29986BA4002C464C /* WalletChainCore */,
			);
			name = Packages;
			sourceTree = "<group>";
		};
		C3B1D41829986AE2002C464C /* Frameworks */ = {
			isa = PBXGroup;
			children = (
			);
			name = Frameworks;
			sourceTree = "<group>";
		};
/* End PBXGroup section */

/* Begin PBXNativeTarget section */
		C3B1D3E729986A5D002C464C /* example */ = {
			isa = PBXNativeTarget;
			buildConfigurationList = C3B1D40D29986A5E002C464C /* Build configuration list for PBXNativeTarget "example" */;
			buildPhases = (
				C3B1D3E429986A5D002C464C /* Sources */,
				C3B1D3E529986A5D002C464C /* Frameworks */,
				C3B1D3E629986A5D002C464C /* Resources */,
			);
			buildRules = (
			);
			dependencies = (
			);
			name = example;
			packageProductDependencies = (
				C3B1D41929986AE2002C464C /* WalletChainCore */,
			);
			productName = example;
			productReference = C3B1D3E829986A5D002C464C /* example.app */;
			productType = "com.apple.product-type.application";
		};
		C3B1D3F829986A5E002C464C /* exampleTests */ = {
			isa = PBXNativeTarget;
			buildConfigurationList = C3B1D41029986A5E002C464C /* Build configuration list for PBXNativeTarget "exampleTests" */;
			buildPhases = (
				C3B1D3F529986A5E002C464C /* Sources */,
				C3B1D3F629986A5E002C464C /* Frameworks */,
				C3B1D3F729986A5E002C464C /* Resources */,
			);
			buildRules = (
			);
			dependencies = (
				C3B1D3FB29986A5E002C464C /* PBXTargetDependency */,
			);
			name = exampleTests;
			productName = exampleTests;
			productReference = C3B1D3F929986A5E002C464C /* exampleTests.xctest */;
			productType = "com.apple.product-type.bundle.unit-test";
		};
		C3B1D40229986A5E002C464C /* exampleUITests */ = {
			isa = PBXNativeTarget;
			buildConfigurationList = C3B1D41329986A5E002C464C /* Build configuration list for PBXNativeTarget "exampleUITests" */;
			buildPhases = (
				C3B1D3FF29986A5E002C464C /* Sources */,
				C3B1D40029986A5E002C464C /* Frameworks */,
				C3B1D40129986A5E002C464C /* Resources */,
			);
			buildRules = (
			);
			dependencies = (
				C3B1D40529986A5E002C464C /* PBXTargetDependency */,
			);
			name = exampleUITests;
			productName = exampleUITests;
			productReference = C3B1D40329986A5E002C464C /* exampleUITests.xctest */;
			productType = "com.apple.product-type.bundle.ui-testing";
		};
/* End PBXNativeTarget section */

/* Begin PBXProject section */
		C3B1D3E029986A5D002C464C /* Project object */ = {
			isa = PBXProject;
			attributes = {
				BuildIndependentTargetsInParallel = 1;
				LastSwiftUpdateCheck = 1420;
				LastUpgradeCheck = 1420;
				TargetAttributes = {
					C3B1D3E729986A5D002C464C = {
						CreatedOnToolsVersion = 14.2;
					};
					C3B1D3F829986A5E002C464C = {
						CreatedOnToolsVersion = 14.2;
						TestTargetID = C3B1D3E729986A5D002C464C;
					};
					C3B1D40229986A5E002C464C = {
						CreatedOnToolsVersion = 14.2;
						TestTargetID = C3B1D3E729986A5D002C464C;
					};
				};
			};
			buildConfigurationList = C3B1D3E329986A5D002C464C /* Build configuration list for PBXProject "example" */;
			compatibilityVersion = "Xcode 14.0";
			developmentRegion = en;
			hasScannedForEncodings = 0;
			knownRegions = (
				en,
				Base,
			);
			mainGroup = C3B1D3DF29986A5D002C464C;
			productRefGroup = C3B1D3E929986A5D002C464C /* Products */;
			projectDirPath = "";
			projectRoot = "";
			targets = (
				C3B1D3E729986A5D002C464C /* example */,
				C3B1D3F829986A5E002C464C /* exampleTests */,
				C3B1D40229986A5E002C464C /* exampleUITests */,
			);
		};
/* End PBXProject section */

/* Begin PBXResourcesBuildPhase section */
		C3B1D3E629986A5D002C464C /* Resources */ = {
			isa = PBXResourcesBuildPhase;
			buildActionMask = 2147483647;
			files = (
				C3B1D3F429986A5E002C464C /* Preview Assets.xcassets in Resources */,
				C3B1D3F029986A5E002C464C /* Assets.xcassets in Resources */,
			);
			runOnlyForDeploymentPostprocessing = 0;
		};
		C3B1D3F729986A5E002C464C /* Resources */ = {
			isa = PBXResourcesBuildPhase;
			buildActionMask = 2147483647;
			files = (
			);
			runOnlyForDeploymentPostprocessing = 0;
		};
		C3B1D40129986A5E002C464C /* Resources */ = {
			isa = PBXResourcesBuildPhase;
			buildActionMask = 2147483647;
			files = (
			);
			runOnlyForDeploymentPostprocessing = 0;
		};
/* End PBXResourcesBuildPhase section */

/* Begin PBXSourcesBuildPhase section */
		C3B1D3E429986A5D002C464C /* Sources */ = {
			isa = PBXSourcesBuildPhase;
			buildActionMask = 2147483647;
			files = (
				C3B1D3EE29986A5D002C464C /* ContentView.swift in Sources */,
				C3B1D3EC29986A5D002C464C /* exampleApp.swift in Sources */,
			);
			runOnlyForDeploymentPostprocessing = 0;
		};
		C3B1D3F529986A5E002C464C /* Sources */ = {
			isa = PBXSourcesBuildPhase;
			buildActionMask = 2147483647;
			files = (
				C3B1D3FE29986A5E002C464C /* exampleTests.swift in Sources */,
			);
			runOnlyForDeploymentPostprocessing = 0;
		};
		C3B1D3FF29986A5E002C464C /* Sources */ = {
			isa = PBXSourcesBuildPhase;
			buildActionMask = 2147483647;
			files = (
				C3B1D40829986A5E002C464C /* exampleUITests.swift in Sources */,
				C3B1D40A29986A5E002C464C /* exampleUITestsLaunchTests.swift in Sources */,
			);
			runOnlyForDeploymentPostprocessing = 0;
		};
/* End PBXSourcesBuildPhase section */

/* Begin PBXTargetDependency section */
		C3B1D3FB29986A5E002C464C /* PBXTargetDependency */ = {
			isa = PBXTargetDependency;
			target = C3B1D3E729986A5D002C464C /* example */;
			targetProxy = C3B1D3FA29986A5E002C464C /* PBXContainerItemProxy */;
		};
		C3B1D40529986A5E002C464C /* PBXTargetDependency */ = {
			isa = PBXTargetDependency;
			target = C3B1D3E729986A5D002C464C /* example */;
			targetProxy = C3B1D40429986A5E002C464C /* PBXContainerItemProxy */;
		};
/* End PBXTargetDependency section */

/* Begin XCBuildConfiguration section */
		C3B1D40B29986A5E002C464C /* Debug */ = {
			isa = XCBuildConfiguration;
			buildSettings = {
				ALWAYS_SEARCH_USER_PATHS = NO;
				CLANG_ANALYZER_NONNULL = YES;
				CLANG_ANALYZER_NUMBER_OBJECT_CONVERSION = YES_AGGRESSIVE;
				CLANG_CXX_LANGUAGE_STANDARD = "gnu++20";
				CLANG_ENABLE_MODULES = YES;
				CLANG_ENABLE_OBJC_ARC = YES;
				CLANG_ENABLE_OBJC_WEAK = YES;
				CLANG_WARN_BLOCK_CAPTURE_AUTORELEASING = YES;
				CLANG_WARN_BOOL_CONVERSION = YES;
				CLANG_WARN_COMMA = YES;
				CLANG_WARN_CONSTANT_CONVERSION = YES;
				CLANG_WARN_DEPRECATED_OBJC_IMPLEMENTATIONS = YES;
				CLANG_WARN_DIRECT_OBJC_ISA_USAGE = YES_ERROR;
				CLANG_WARN_DOCUMENTATION_COMMENTS = YES;
				CLANG_WARN_EMPTY_BODY = YES;
				CLANG_WARN_ENUM_CONVERSION = YES;
				CLANG_WARN_INFINITE_RECURSION = YES;
				CLANG_WARN_INT_CONVERSION = YES;
				CLANG_WARN_NON_LITERAL_NULL_CONVERSION = YES;
				CLANG_WARN_OBJC_IMPLICIT_RETAIN_SELF = YES;
				CLANG_WARN_OBJC_LITERAL_CONVERSION = YES;
				CLANG_WARN_OBJC_ROOT_CLASS = YES_ERROR;
				CLANG_WARN_QUOTED_INCLUDE_IN_FRAMEWORK_HEADER = YES;
				CLANG_WARN_RANGE_LOOP_ANALYSIS = YES;
				CLANG_WARN_STRICT_PROTOTYPES = YES;
				CLANG_WARN_SUSPICIOUS_MOVE = YES;
				CLANG_WARN_UNGUARDED_AVAILABILITY = YES_AGGRESSIVE;
				CLANG_WARN_UNREACHABLE_CODE = YES;
				CLANG_WARN__DUPLICATE_METHOD_MATCH = YES;
				COPY_PHASE_STRIP = NO;
				DEBUG_INFORMATION_FORMAT = dwarf;
				ENABLE_STRICT_OBJC_MSGSEND = YES;
				ENABLE_TESTABILITY = YES;
				GCC_C_LANGUAGE_STANDARD = gnu11;
				GCC_DYNAMIC_NO_PIC = NO;
				GCC_NO_COMMON_BLOCKS = YES;
				GCC_OPTIMIZATION_LEVEL = 0;
				GCC_PREPROCESSOR_DEFINITIONS = (
					"DEBUG=1",
					"$(inherited)",
				);
				GCC_WARN_64_TO_32_BIT_CONVERSION = YES;
				GCC_WARN_ABOUT_RETURN_TYPE = YES_ERROR;
				GCC_WARN_UNDECLARED_SELECTOR = YES;
				GCC_WARN_UNINITIALIZED_AUTOS = YES_AGGRESSIVE;
				GCC_WARN_UNUSED_FUNCTION = YES;
				GCC_WARN_UNUSED_VARIABLE = YES;
				MTL_ENABLE_DEBUG_INFO = INCLUDE_SOURCE;
				MTL_FAST_MATH = YES;
				ONLY_ACTIVE_ARCH = YES;
				SWIFT_ACTIVE_COMPILATION_CONDITIONS = DEBUG;
				SWIFT_OPTIMIZATION_LEVEL = "-Onone";
			};
			name = Debug;
		};
		C3B1D40C29986A5E002C464C /* Release */ = {
			isa = XCBuildConfiguration;
			buildSettings = {
				ALWAYS_SEARCH_USER_PATHS = NO;
				CLANG_ANALYZER_NONNULL = YES;
				CLANG_ANALYZER_NUMBER_OBJECT_CONVERSION = YES_AGGRESSIVE;
				CLANG_CXX_LANGUAGE_STANDARD = "gnu++20";
				CLANG_ENABLE_MODULES = YES;
				CLANG_ENABLE_OBJC_ARC = YES;
				CLANG_ENABLE_OBJC_WEAK = YES;
				CLANG_WARN_BLOCK_CAPTURE_AUTORELEASING = YES;
				CLANG_WARN_BOOL_CONVERSION = YES;
				CLANG_WARN_COMMA = YES;
				CLANG_WARN_CONSTANT_CONVERSION = YES;
				CLANG_WARN_DEPRECATED_OBJC_IMPLEMENTATIONS = YES;
				CLANG_WARN_DIRECT_OBJC_ISA_USAGE = YES_ERROR;
				CLANG_WARN_DOCUMENTATION_COMMENTS = YES;
				CLANG_WARN_EMPTY_BODY = YES;
				CLANG_WARN_ENUM_CONVERSION = YES;
				CLANG_WARN_INFINITE_RECURSION = YES;
				CLANG_WARN_INT_CONVERSION = YES;
				CLANG_WARN_NON_LITERAL_NULL_CONVERSION = YES;
				CLANG_WARN_OBJC_IMPLICIT_RETAIN_SELF = YES;
				CLANG_WARN_OBJC_LITERAL_CONVERSION = YES;
				CLANG_WARN_OBJC_ROOT_CLASS = YES_ERROR;
				CLANG_WARN_QUOTED_INCLUDE_IN_FRAMEWORK_HEADER = YES;
				CLANG_WARN_RANGE_LOOP_ANALYSIS = YES;
				CLANG_WARN_STRICT_PROTOTYPES = YES;
				CLANG_WARN_SUSPICIOUS_MOVE = YES;
				CLANG_WARN_UNGUARDED_AVAILABILITY = YES_AGGRESSIVE;
				CLANG_WARN_UNREACHABLE_CODE = YES;
				CLANG_WARN__DUPLICATE_METHOD_MATCH = YES;
				COPY_PHASE_STRIP = NO;
				DEBUG_INFORMATION_FORMAT = "dwarf-with-dsym";
				ENABLE_NS_ASSERTIONS = NO;
				ENABLE_STRICT_OBJC_MSGSEND = YES;
				GCC_C_LANGUAGE_STANDARD = gnu11;
				GCC_NO_COMMON_BLOCKS = YES;
				GCC_WARN_64_TO_32_BIT_CONVERSION = YES;
				GCC_WARN_ABOUT_RETURN_TYPE = YES_ERROR;
				GCC_WARN_UNDECLARED_SELECTOR = YES;
				GCC_WARN_UNINITIALIZED_AUTOS = YES_AGGRESSIVE;
				GCC_WARN_UNUSED_FUNCTION = YES;
				GCC_WARN_UNUSED_VARIABLE = YES;
				MTL_ENABLE_DEBUG_INFO = NO;
				MTL_FAST_MATH = YES;
				SWIFT_COMPILATION_MODE = wholemodule;
				SWIFT_OPTIMIZATION_LEVEL = "-O";
			};
			name = Release;
		};
		C3B1D40E29986A5E002C464C /* Debug */ = {
			isa = XCBuildConfiguration;
			buildSettings = {
				ASSETCATALOG_COMPILER_APPICON_NAME = AppIcon;
				ASSETCATALOG_COMPILER_GLOBAL_ACCENT_COLOR_NAME = AccentColor;
				CODE_SIGN_ENTITLEMENTS = example/example.entitlements;
				CODE_SIGN_STYLE = Automatic;
				CURRENT_PROJECT_VERSION = 1;
				DEVELOPMENT_ASSET_PATHS = "\"example/Preview Content\"";
				ENABLE_PREVIEWS = YES;
				GENERATE_INFOPLIST_FILE = YES;
				"INFOPLIST_KEY_UIApplicationSceneManifest_Generation[sdk=iphoneos*]" = YES;
				"INFOPLIST_KEY_UIApplicationSceneManifest_Generation[sdk=iphonesimulator*]" = YES;
				"INFOPLIST_KEY_UIApplicationSupportsIndirectInputEvents[sdk=iphoneos*]" = YES;
				"INFOPLIST_KEY_UIApplicationSupportsIndirectInputEvents[sdk=iphonesimulator*]" = YES;
				"INFOPLIST_KEY_UILaunchScreen_Generation[sdk=iphoneos*]" = YES;
				"INFOPLIST_KEY_UILaunchScreen_Generation[sdk=iphonesimulator*]" = YES;
				"INFOPLIST_KEY_UIStatusBarStyle[sdk=iphoneos*]" = UIStatusBarStyleDefault;
				"INFOPLIST_KEY_UIStatusBarStyle[sdk=iphonesimulator*]" = UIStatusBarStyleDefault;
				INFOPLIST_KEY_UISupportedInterfaceOrientations_iPad = "UIInterfaceOrientationPortrait UIInterfaceOrientationPortraitUpsideDown UIInterfaceOrientationLandscapeLeft UIInterfaceOrientationLandscapeRight";
				INFOPLIST_KEY_UISupportedInterfaceOrientations_iPhone = "UIInterfaceOrientationPortrait UIInterfaceOrientationLandscapeLeft UIInterfaceOrientationLandscapeRight";
				IPHONEOS_DEPLOYMENT_TARGET = 16.2;
				LD_RUNPATH_SEARCH_PATHS = "@executable_path/Frameworks";
				"LD_RUNPATH_SEARCH_PATHS[sdk=macosx*]" = "@executable_path/../Frameworks";
				MACOSX_DEPLOYMENT_TARGET = 13.1;
				MARKETING_VERSION = 1.0;
				PRODUCT_BUNDLE_IDENTIFIER = com.test.example;
				PRODUCT_NAME = "$(TARGET_NAME)";
				SDKROOT = auto;
				SUPPORTED_PLATFORMS = "iphoneos iphonesimulator macosx";
				SWIFT_EMIT_LOC_STRINGS = YES;
				SWIFT_VERSION = 5.0;
				TARGETED_DEVICE_FAMILY = "1,2";
			};
			name = Debug;
		};
		C3B1D40F29986A5E002C464C /* Release */ = {
			isa = XCBuildConfiguration;
			buildSettings = {
				ASSETCATALOG_COMPILER_APPICON_NAME = AppIcon;
				ASSETCATALOG_COMPILER_GLOBAL_ACCENT_COLOR_NAME = AccentColor;
				CODE_SIGN_ENTITLEMENTS = example/example.entitlements;
				CODE_SIGN_STYLE = Automatic;
				CURRENT_PROJECT_VERSION = 1;
				DEVELOPMENT_ASSET_PATHS = "\"example/Preview Content\"";
				ENABLE_PREVIEWS = YES;
				GENERATE_INFOPLIST_FILE = YES;
				"INFOPLIST_KEY_UIApplicationSceneManifest_Generation[sdk=iphoneos*]" = YES;
				"INFOPLIST_KEY_UIApplicationSceneManifest_Generation[sdk=iphonesimulator*]" = YES;
				"INFOPLIST_KEY_UIApplicationSupportsIndirectInputEvents[sdk=iphoneos*]" = YES;
				"INFOPLIST_KEY_UIApplicationSupportsIndirectInputEvents[sdk=iphonesimulator*]" = YES;
				"INFOPLIST_KEY_UILaunchScreen_Generation[sdk=iphoneos*]" = YES;
				"INFOPLIST_KEY_UILaunchScreen_Generation[sdk=iphonesimulator*]" = YES;
				"INFOPLIST_KEY_UIStatusBarStyle[sdk=iphoneos*]" = UIStatusBarStyleDefault;
				"INFOPLIST_KEY_UIStatusBarStyle[sdk=iphonesimulator*]" = UIStatusBarStyleDefault;
				INFOPLIST_KEY_UISupportedInterfaceOrientations_iPad = "UIInterfaceOrientationPortrait UIInterfaceOrientationPortraitUpsideDown UIInterfaceOrientationLandscapeLeft UIInterfaceOrientationLandscapeRight";
				INFOPLIST_KEY_UISupportedInterfaceOrientations_iPhone = "UIInterfaceOrientationPortrait UIInterfaceOrientationLandscapeLeft UIInterfaceOrientationLandscapeRight";
				IPHONEOS_DEPLOYMENT_TARGET = 16.2;
				LD_RUNPATH_SEARCH_PATHS = "@executable_path/Frameworks";
				"LD_RUNPATH_SEARCH_PATHS[sdk=macosx*]" = "@executable_path/../Frameworks";
				MACOSX_DEPLOYMENT_TARGET = 13.1;
				MARKETING_VERSION = 1.0;
				PRODUCT_BUNDLE_IDENTIFIER = com.test.example;
				PRODUCT_NAME = "$(TARGET_NAME)";
				SDKROOT = auto;
				SUPPORTED_PLATFORMS = "iphoneos iphonesimulator macosx";
				SWIFT_EMIT_LOC_STRINGS = YES;
				SWIFT_VERSION = 5.0;
				TARGETED_DEVICE_FAMILY = "1,2";
			};
			name = Release;
		};
		C3B1D41129986A5E002C464C /* Debug */ = {
			isa = XCBuildConfiguration;
			buildSettings = {
				ALWAYS_EMBED_SWIFT_STANDARD_LIBRARIES = YES;
				BUNDLE_LOADER = "$(TEST_HOST)";
				CODE_SIGN_STYLE = Automatic;
				CURRENT_PROJECT_VERSION = 1;
				GENERATE_INFOPLIST_FILE = YES;
				IPHONEOS_DEPLOYMENT_TARGET = 16.2;
				MACOSX_DEPLOYMENT_TARGET = 13.1;
				MARKETING_VERSION = 1.0;
				PRODUCT_BUNDLE_IDENTIFIER = com.test.exampleTests;
				PRODUCT_NAME = "$(TARGET_NAME)";
				SDKROOT = auto;
				SUPPORTED_PLATFORMS = "iphoneos iphonesimulator macosx";
				SWIFT_EMIT_LOC_STRINGS = NO;
				SWIFT_VERSION = 5.0;
				TARGETED_DEVICE_FAMILY = "1,2";
				TEST_HOST = "$(BUILT_PRODUCTS_DIR)/example.app/$(BUNDLE_EXECUTABLE_FOLDER_PATH)/example";
			};
			name = Debug;
		};
		C3B1D41229986A5E002C464C /* Release */ = {
			isa = XCBuildConfiguration;
			buildSettings = {
				ALWAYS_EMBED_SWIFT_STANDARD_LIBRARIES = YES;
				BUNDLE_LOADER = "$(TEST_HOST)";
				CODE_SIGN_STYLE = Automatic;
				CURRENT_PROJECT_VERSION = 1;
				GENERATE_INFOPLIST_FILE = YES;
				IPHONEOS_DEPLOYMENT_TARGET = 16.2;
				MACOSX_DEPLOYMENT_TARGET = 13.1;
				MARKETING_VERSION = 1.0;
				PRODUCT_BUNDLE_IDENTIFIER = com.test.exampleTests;
				PRODUCT_NAME = "$(TARGET_NAME)";
				SDKROOT = auto;
				SUPPORTED_PLATFORMS = "iphoneos iphonesimulator macosx";
				SWIFT_EMIT_LOC_STRINGS = NO;
				SWIFT_VERSION = 5.0;
				TARGETED_DEVICE_FAMILY = "1,2";
				TEST_HOST = "$(BUILT_PRODUCTS_DIR)/example.app/$(BUNDLE_EXECUTABLE_FOLDER_PATH)/example";
			};
			name = Release;
		};
		C3B1D41429986A5E002C464C /* Debug */ = {
			isa = XCBuildConfiguration;
			buildSettings = {
				ALWAYS_EMBED_SWIFT_STANDARD_LIBRARIES = YES;
				CODE_SIGN_STYLE = Automatic;
				CURRENT_PROJECT_VERSION = 1;
				GENERATE_INFOPLIST_FILE = YES;
				IPHONEOS_DEPLOYMENT_TARGET = 16.2;
				MACOSX_DEPLOYMENT_TARGET = 13.1;
				MARKETING_VERSION = 1.0;
				PRODUCT_BUNDLE_IDENTIFIER = com.test.exampleUITests;
				PRODUCT_NAME = "$(TARGET_NAME)";
				SDKROOT = auto;
				SUPPORTED_PLATFORMS = "iphoneos iphonesimulator macosx";
				SWIFT_EMIT_LOC_STRINGS = NO;
				SWIFT_VERSION = 5.0;
				TARGETED_DEVICE_FAMILY = "1,2";
				TEST_TARGET_NAME = example;
			};
			name = Debug;
		};
		C3B1D41529986A5E002C464C /* Release */ = {
			isa = XCBuildConfiguration;
			buildSettings = {
				ALWAYS_EMBED_SWIFT_STANDARD_LIBRARIES = YES;
				CODE_SIGN_STYLE = Automatic;
				CURRENT_PROJECT_VERSION = 1;
				GENERATE_INFOPLIST_FILE = YES;
				IPHONEOS_DEPLOYMENT_TARGET = 16.2;
				MACOSX_DEPLOYMENT_TARGET = 13.1;
				MARKETING_VERSION = 1.0;
				PRODUCT_BUNDLE_IDENTIFIER = com.test.exampleUITests;
				PRODUCT_NAME = "$(TARGET_NAME)";
				SDKROOT = auto;
				SUPPORTED_PLATFORMS = "iphoneos iphonesimulator macosx";
				SWIFT_EMIT_LOC_STRINGS = NO;
				SWIFT_VERSION = 5.0;
				TARGETED_DEVICE_FAMILY = "1,2";
				TEST_TARGET_NAME = example;
			};
			name = Release;
		};
/* End XCBuildConfiguration section */

/* Begin XCConfigurationList section */
		C3B1D3E329986A5D002C464C /* Build configuration list for PBXProject "example" */ = {
			isa = XCConfigurationList;
			buildConfigurations = (
				C3B1D40B29986A5E002C464C /* Debug */,
				C3B1D40C29986A5E002C464C /* Release */,
			);
			defaultConfigurationIsVisible = 0;
			defaultConfigurationName = Release;
		};
		C3B1D40D29986A5E002C464C /* Build configuration list for PBXNativeTarget "example" */ = {
			isa = XCConfigurationList;
			buildConfigurations = (
				C3B1D40E29986A5E002C464C /* Debug */,
				C3B1D40F29986A5E002C464C /* Release */,
			);
			defaultConfigurationIsVisible = 0;
			defaultConfigurationName = Release;
		};
		C3B1D41029986A5E002C464C /* Build configuration list for PBXNativeTarget "exampleTests" */ = {
			isa = XCConfigurationList;
			buildConfigurations = (
				C3B1D41129986A5E002C464C /* Debug */,
				C3B1D41229986A5E002C464C /* Release */,
			);
			defaultConfigurationIsVisible = 0;
			defaultConfigurationName = Release;
		};
		C3B1D41329986A5E002C464C /* Build configuration list for PBXNativeTarget "exampleUITests" */ = {
			isa = XCConfigurationList;
			buildConfigurations = (
				C3B1D41429986A5E002C464C /* Debug */,
				C3B1D41529986A5E002C464C /* Release */,
			);
			defaultConfigurationIsVisible = 0;
			defaultConfigurationName = Release;
		};
/* End XCConfigurationList section */

/* Begin XCSwiftPackageProductDependency section */
		C3B1D41929986AE2002C464C /* WalletChainCore */ = {
			isa = XCSwiftPackageProductDependency;
			productName = WalletChainCore;
		};
/* End XCSwiftPackageProductDependency section */
	};
	rootObject = C3B1D3E029986A5D002C464C /* Project object */;
}
